
Microsoft Visual Studio Solution File, Format Version 12.00
# Visual Studio Version 16
VisualStudioVersion = 16.0.30804.86
MinimumVisualStudioVersion = 10.0.40219.1
Project("{FAE04EC0-301F-11D3-BF4B-00C04F79EFBC}") = "destVSwebapp", "destVSwebapp\destVSwebapp.csproj", "{A2C3557F-29F6-42EA-ACD3-7A9794C14D68}"
EndProject
Global
	GlobalSection(SolutionConfigurationPlatforms) = preSolution
		Debug|Any CPU = Debug|Any CPU
		Release|Any CPU = Release|Any CPU
	EndGlobalSection
	GlobalSection(ProjectConfigurationPlatforms) = postSolution
		{A2C3557F-29F6-42EA-ACD3-7A9794C14D68}.Debug|Any CPU.ActiveCfg = Debug|Any CPU
		{A2C3557F-29F6-42EA-ACD3-7A9794C14D68}.Debug|Any CPU.Build.0 = Debug|Any CPU
		{A2C3557F-29F6-42EA-ACD3-7A9794C14D68}.Release|Any CPU.ActiveCfg = Release|Any CPU
		{A2C3557F-29F6-42EA-ACD3-7A9794C14D68}.Release|Any CPU.Build.0 = Release|Any CPU
	EndGlobalSection
	GlobalSection(SolutionProperties) = preSolution
		HideSolutionNode = FALSE
	EndGlobalSection
	GlobalSection(ExtensibilityGlobals) = postSolution
		SolutionGuid = {D2CD2097-208D-492E-BCBE-7BF724336990}
	EndGlobalSection
EndGlobal
